
Microsoft Visual Studio Solution File, Format Version 12.00
# Visual Studio 2015
Project("{FAE04EC0-301F-11D3-BF4B-00C04F79EFBC}") = "PropBumper.CSharp.Plugins", "PropBumper.CSharp.Plugins.csproj", "{88C7AF4D-6047-8B4A-06B0-A36DEE7AE7DF}"
EndProject
Project("{FAE04EC0-301F-11D3-BF4B-00C04F79EFBC}") = "PropBumper.CSharp", "PropBumper.CSharp.csproj", "{3044D915-738E-4736-CBEA-2E4C0E0EB808}"
EndProject
Project("{FAE04EC0-301F-11D3-BF4B-00C04F79EFBC}") = "PropBumper.CSharp.Editor.Plugins", "PropBumper.CSharp.Editor.Plugins.csproj", "{F4A5CD7F-4EB8-B77A-F708-163BAD58C791}"
EndProject
Global
	GlobalSection(SolutionConfigurationPlatforms) = preSolution
		Debug|Any CPU = Debug|Any CPU
		Release|Any CPU = Release|Any CPU
	EndGlobalSection
	GlobalSection(ProjectConfigurationPlatforms) = postSolution
		{88C7AF4D-6047-8B4A-06B0-A36DEE7AE7DF}.Debug|Any CPU.ActiveCfg = Debug|Any CPU
		{88C7AF4D-6047-8B4A-06B0-A36DEE7AE7DF}.Debug|Any CPU.Build.0 = Debug|Any CPU
		{88C7AF4D-6047-8B4A-06B0-A36DEE7AE7DF}.Release|Any CPU.ActiveCfg = Release|Any CPU
		{88C7AF4D-6047-8B4A-06B0-A36DEE7AE7DF}.Release|Any CPU.Build.0 = Release|Any CPU
		{3044D915-738E-4736-CBEA-2E4C0E0EB808}.Debug|Any CPU.ActiveCfg = Debug|Any CPU
		{3044D915-738E-4736-CBEA-2E4C0E0EB808}.Debug|Any CPU.Build.0 = Debug|Any CPU
		{3044D915-738E-4736-CBEA-2E4C0E0EB808}.Release|Any CPU.ActiveCfg = Release|Any CPU
		{3044D915-738E-4736-CBEA-2E4C0E0EB808}.Release|Any CPU.Build.0 = Release|Any CPU
		{F4A5CD7F-4EB8-B77A-F708-163BAD58C791}.Debug|Any CPU.ActiveCfg = Debug|Any CPU
		{F4A5CD7F-4EB8-B77A-F708-163BAD58C791}.Debug|Any CPU.Build.0 = Debug|Any CPU
		{F4A5CD7F-4EB8-B77A-F708-163BAD58C791}.Release|Any CPU.ActiveCfg = Release|Any CPU
		{F4A5CD7F-4EB8-B77A-F708-163BAD58C791}.Release|Any CPU.Build.0 = Release|Any CPU
	EndGlobalSection
	GlobalSection(SolutionProperties) = preSolution
		HideSolutionNode = FALSE
	EndGlobalSection
EndGlobal
